
Microsoft Visual Studio Solution File, Format Version 12.00
# Visual Studio 2012
Project("{FAE04EC0-301F-11D3-BF4B-00C04F79EFBC}") = "Compendio", "Compendio.csproj", "{5CD11241-5E22-4E57-843B-1E2C06E698AB}"
EndProject
Global
	GlobalSection(SolutionConfigurationPlatforms) = preSolution
		Debug|Any CPU = Debug|Any CPU
		Release|Any CPU = Release|Any CPU
	EndGlobalSection
	GlobalSection(ProjectConfigurationPlatforms) = postSolution
		{5CD11241-5E22-4E57-843B-1E2C06E698AB}.Debug|Any CPU.ActiveCfg = Debug|Any CPU
		{5CD11241-5E22-4E57-843B-1E2C06E698AB}.Debug|Any CPU.Build.0 = Debug|Any CPU
		{5CD11241-5E22-4E57-843B-1E2C06E698AB}.Release|Any CPU.ActiveCfg = Release|Any CPU
		{5CD11241-5E22-4E57-843B-1E2C06E698AB}.Release|Any CPU.Build.0 = Release|Any CPU
	EndGlobalSection
EndGlobal
